
Microsoft Visual Studio Solution File, Format Version 12.00
# Visual Studio Version 17
VisualStudioVersion = 17.11.35303.130
MinimumVisualStudioVersion = 10.0.40219.1
Project("{FAE04EC0-301F-11D3-BF4B-00C04F79EFBC}") = "technical-instruction-form-service", "technical-instruction-form-service\technical-instruction-form-service.csproj", "{5CAE824A-EC5C-4BD1-A9EB-38764CC15602}"
EndProject
Global
	GlobalSection(SolutionConfigurationPlatforms) = preSolution
		Debug|Any CPU = Debug|Any CPU
		Release|Any CPU = Release|Any CPU
	EndGlobalSection
	GlobalSection(ProjectConfigurationPlatforms) = postSolution
		{5CAE824A-EC5C-4BD1-A9EB-38764CC15602}.Debug|Any CPU.ActiveCfg = Debug|Any CPU
		{5CAE824A-EC5C-4BD1-A9EB-38764CC15602}.Debug|Any CPU.Build.0 = Debug|Any CPU
		{5CAE824A-EC5C-4BD1-A9EB-38764CC15602}.Release|Any CPU.ActiveCfg = Release|Any CPU
		{5CAE824A-EC5C-4BD1-A9EB-38764CC15602}.Release|Any CPU.Build.0 = Release|Any CPU
	EndGlobalSection
	GlobalSection(SolutionProperties) = preSolution
		HideSolutionNode = FALSE
	EndGlobalSection
	GlobalSection(ExtensibilityGlobals) = postSolution
		SolutionGuid = {589F20DB-E4DF-434F-9ED2-C6FAE622DA76}
	EndGlobalSection
EndGlobal
